{
  "name": "frontend",
  "lockfileVersion": 3,
  "requires": true,
  "packages": {
    "": {
      "dependencies": {
        "docker-compose": "^1.2.0"
      }
    },
    "node_modules/docker-compose": {
      "version": "1.2.0",
      "resolved": "https://registry.npmjs.org/docker-compose/-/docker-compose-1.2.0.tgz",
      "integrity": "sha512-wIU1eHk3Op7dFgELRdmOYlPYS4gP8HhH1ZmZa13QZF59y0fblzFDFmKPhyc05phCy2hze9OEvNZAsoljrs+72w==",
      "license": "MIT",
      "dependencies": {
        "yaml": "^2.2.2"
      },
      "engines": {
        "node": ">= 6.0.0"
      }
    },
    "node_modules/yaml": {
      "version": "2.7.0",
      "resolved": "https://registry.npmjs.org/yaml/-/yaml-2.7.0.tgz",
      "integrity": "sha512-+hSoy/QHluxmC9kCIJyL/uyFmLmc+e5CFR5Wa+bpIhIj85LVb9ZH2nVnqrHoSvKogwODv0ClqZkmiSSaIH5LTA==",
      "license": "ISC",
      "bin": {
        "yaml": "bin.mjs"
      },
      "engines": {
        "node": ">= 14"
      }
    }
  }
}
